{
  "name": "restyped-hapi",
  "version": "0.0.1",
  "lockfileVersion": 1,
  "requires": true,
  "dependencies": {
    "@types/boom": {
      "version": "4.3.9",
      "resolved": "https://registry.npmjs.org/@types/boom/-/boom-4.3.9.tgz",
      "integrity": "sha512-hOMq8gOURXfWAoPCGkAcQVRV1JitzZylAGvNJeu5wkSWIErWK22ZPGaHlScF+OQZqBKVpEunJA3pzBl0qaM9PQ=="
    },
    "@types/catbox": {
      "version": "7.1.5",
      "resolved": "https://registry.npmjs.org/@types/catbox/-/catbox-7.1.5.tgz",
      "integrity": "sha512-eNeqRgx2k3ILl/gIPzOP3GoCXs1fXTF2Mtro346AZF5ADk/Uyz7jAXx5z5k6naVgMYDZwrbPZLKj6kWpfwzyMw==",
      "requires": {
        "@types/boom": "4.3.9"
      }
    },
    "@types/hapi": {
      "version": "17.0.0",
      "resolved": "https://registry.npmjs.org/@types/hapi/-/hapi-17.0.0.tgz",
      "integrity": "sha512-MNTNKA7mTVFXUaKraU/zfUe2eLQQy1gcBpg5cNPasyGrvceWoLHXnHD9g3CSV5hubuu2sjtGLaUbV6abcwf4yg==",
      "requires": {
        "@types/boom": "4.3.9",
        "@types/catbox": "7.1.5",
        "@types/iron": "5.0.1",
        "@types/joi": "13.0.5",
        "@types/mimos": "3.0.1",
        "@types/node": "9.4.6",
        "@types/podium": "1.0.0",
        "@types/shot": "3.4.0"
      }
    },
    "@types/iron": {
      "version": "5.0.1",
      "resolved": "https://registry.npmjs.org/@types/iron/-/iron-5.0.1.tgz",
      "integrity": "sha512-Ng5BkVGPt7Tw9k1OJ6qYwuD9+dmnWgActmsnnrdvs4075N8V2go1f6Pz8omG3q5rbHjXN6yzzZDYo3JOgAE/Ug==",
      "requires": {
        "@types/node": "9.4.6"
      }
    },
    "@types/joi": {
      "version": "13.0.5",
      "resolved": "https://registry.npmjs.org/@types/joi/-/joi-13.0.5.tgz",
      "integrity": "sha512-xhGKDKk8qEK35GFYIkpQXdS03PnL+1eXt8VOHnuvuMOjNCztmTpqiDk2vlDy3GbSctSTBJCkY0PXkaRVJpl2xA=="
    },
    "@types/mime-db": {
      "version": "1.27.0",
      "resolved": "https://registry.npmjs.org/@types/mime-db/-/mime-db-1.27.0.tgz",
      "integrity": "sha1-m8AUof0f30dknBpUxt15ZrgoR5I="
    },
    "@types/mimos": {
      "version": "3.0.1",
      "resolved": "https://registry.npmjs.org/@types/mimos/-/mimos-3.0.1.tgz",
      "integrity": "sha512-MATIRH4VMIJki8lcYUZdNQEHuAG7iQ1FWwoLgxV+4fUOly2xZYdhHtGgvQyWiTeJqq2tZbE0nOOgZD6pR0FpNQ==",
      "requires": {
        "@types/mime-db": "1.27.0"
      }
    },
    "@types/node": {
      "version": "9.4.6",
      "resolved": "https://registry.npmjs.org/@types/node/-/node-9.4.6.tgz",
      "integrity": "sha512-CTUtLb6WqCCgp6P59QintjHWqzf4VL1uPA27bipLAPxFqrtK1gEYllePzTICGqQ8rYsCbpnsNypXjjDzGAAjEQ=="
    },
    "@types/podium": {
      "version": "1.0.0",
      "resolved": "https://registry.npmjs.org/@types/podium/-/podium-1.0.0.tgz",
      "integrity": "sha1-v6ohUb4rHWEJzGn3+qnawsujuyA="
    },
    "@types/shot": {
      "version": "3.4.0",
      "resolved": "https://registry.npmjs.org/@types/shot/-/shot-3.4.0.tgz",
      "integrity": "sha1-RZR3xRh9Pr0wNmCrCZ5+ng87ZW8=",
      "requires": {
        "@types/node": "9.4.6"
      }
    },
    "restyped": {
      "version": "1.1.0",
      "resolved": "https://registry.npmjs.org/restyped/-/restyped-1.1.0.tgz",
      "integrity": "sha512-Q5rxwCnw0AR4/8I7YOxE0/ElyHcB86UtV4U0RnyxXY/s8EDwd1AZGTXxrKQUAdVbPljlNsz4VXXq6oT5HnnxPw=="
    },
    "typescript": {
      "version": "2.7.1",
      "resolved": "https://registry.npmjs.org/typescript/-/typescript-2.7.1.tgz",
      "integrity": "sha512-bqB1yS6o9TNA9ZC/MJxM0FZzPnZdtHj0xWK/IZ5khzVqdpGul/R/EIiHRgFXlwTD7PSIaYVnGKq1QgMCu2mnqw==",
      "dev": true
    }
  }
}
